
Microsoft Visual Studio Solution File, Format Version 12.00
# Visual Studio Version 16
VisualStudioVersion = 25.0.1704.4
MinimumVisualStudioVersion = 10.0.40219.1
Project("{FAE04EC0-301F-11D3-BF4B-00C04F79EFBC}") = "LogoutAppUsingSaml", "LogoutAppUsingSaml.csproj", "{00408B75-B74B-45D3-AAC3-E9A14A0ECF36}"
EndProject
Global
	GlobalSection(SolutionConfigurationPlatforms) = preSolution
		Debug|Any CPU = Debug|Any CPU
		Release|Any CPU = Release|Any CPU
	EndGlobalSection
	GlobalSection(ProjectConfigurationPlatforms) = postSolution
		{00408B75-B74B-45D3-AAC3-E9A14A0ECF36}.Debug|Any CPU.ActiveCfg = Debug|Any CPU
		{00408B75-B74B-45D3-AAC3-E9A14A0ECF36}.Debug|Any CPU.Build.0 = Debug|Any CPU
		{00408B75-B74B-45D3-AAC3-E9A14A0ECF36}.Release|Any CPU.ActiveCfg = Release|Any CPU
		{00408B75-B74B-45D3-AAC3-E9A14A0ECF36}.Release|Any CPU.Build.0 = Release|Any CPU
	EndGlobalSection
	GlobalSection(SolutionProperties) = preSolution
		HideSolutionNode = FALSE
	EndGlobalSection
	GlobalSection(ExtensibilityGlobals) = postSolution
		SolutionGuid = {905C330A-3CFB-4D15-8301-75DBC1872327}
	EndGlobalSection
EndGlobal
